{
  "nodes": {
    "fenix": {
      "inputs": {
        "nixpkgs": [
          "nixpkgs"
        ],
        "rust-analyzer-src": "rust-analyzer-src"
      },
      "locked": {
        "lastModified": 1749192146,
        "narHash": "sha256-ZEpmRS5m692wzUhRSdBgSojaWR0EU0lqT9x0Bsb+2xY=",
        "owner": "nix-community",
        "repo": "fenix",
        "rev": "167c053888748278d52fba3c4bf3b8abaee72929",
        "type": "github"
      },
      "original": {
        "owner": "nix-community",
        "repo": "fenix",
        "type": "github"
      }
    },
    "nixpkgs": {
      "locked": {
        "lastModified": 1749143949,
        "narHash": "sha256-QuUtALJpVrPnPeozlUG/y+oIMSLdptHxb3GK6cpSVhA=",
        "owner": "NixOS",
        "repo": "nixpkgs",
        "rev": "d3d2d80a2191a73d1e86456a751b83aa13085d7d",
        "type": "github"
      },
      "original": {
        "id": "nixpkgs",
        "ref": "nixos-unstable",
        "type": "indirect"
      }
    },
    "root": {
      "inputs": {
        "fenix": "fenix",
        "nixpkgs": "nixpkgs"
      }
    },
    "rust-analyzer-src": {
      "flake": false,
      "locked": {
        "lastModified": 1749133384,
        "narHash": "sha256-nKbHae8x2v2IMg1Rd3e5OrRPk5lxAqcvPkIM3fYtB90=",
        "owner": "rust-lang",
        "repo": "rust-analyzer",
        "rev": "d5665e5ca79135a753f853b5a0e2f33f8f263a0b",
        "type": "github"
      },
      "original": {
        "owner": "rust-lang",
        "ref": "nightly",
        "repo": "rust-analyzer",
        "type": "github"
      }
    }
  },
  "root": "root",
  "version": 7
}
